
Microsoft Visual Studio Solution File, Format Version 12.00
# Visual Studio 2012
Project("{FAE04EC0-301F-11D3-BF4B-00C04F79EFBC}") = "SK_Strategygame", "SK_Strategygame\SK_Strategygame.csproj", "{9EA7B5A3-7873-497A-92DF-172B509E450E}"
EndProject
Project("{FAE04EC0-301F-11D3-BF4B-00C04F79EFBC}") = "AGFXLib", "..\..\OpenTK-AlphaGFX\AlphaGFX\AGFXLib\AGFXLib.csproj", "{67AE03C9-DCEA-4E9B-86AA-9A30516E210F}"
EndProject
Project("{2150E333-8FDC-42A3-9474-1A3956D46DE8}") = ".nuget", ".nuget", "{B222CBC5-B3A9-427A-82B7-ED9DD8DBC1E0}"
	ProjectSection(SolutionItems) = preProject
		.nuget\NuGet.Config = .nuget\NuGet.Config
		.nuget\NuGet.exe = .nuget\NuGet.exe
		.nuget\NuGet.targets = .nuget\NuGet.targets
	EndProjectSection
EndProject
Global
	GlobalSection(SolutionConfigurationPlatforms) = preSolution
		Debug|Any CPU = Debug|Any CPU
		Release|Any CPU = Release|Any CPU
	EndGlobalSection
	GlobalSection(ProjectConfigurationPlatforms) = postSolution
		{9EA7B5A3-7873-497A-92DF-172B509E450E}.Debug|Any CPU.ActiveCfg = Debug|Any CPU
		{9EA7B5A3-7873-497A-92DF-172B509E450E}.Debug|Any CPU.Build.0 = Debug|Any CPU
		{9EA7B5A3-7873-497A-92DF-172B509E450E}.Release|Any CPU.ActiveCfg = Release|Any CPU
		{9EA7B5A3-7873-497A-92DF-172B509E450E}.Release|Any CPU.Build.0 = Release|Any CPU
		{67AE03C9-DCEA-4E9B-86AA-9A30516E210F}.Debug|Any CPU.ActiveCfg = Debug|Any CPU
		{67AE03C9-DCEA-4E9B-86AA-9A30516E210F}.Debug|Any CPU.Build.0 = Debug|Any CPU
		{67AE03C9-DCEA-4E9B-86AA-9A30516E210F}.Release|Any CPU.ActiveCfg = Release|Any CPU
		{67AE03C9-DCEA-4E9B-86AA-9A30516E210F}.Release|Any CPU.Build.0 = Release|Any CPU
	EndGlobalSection
	GlobalSection(SolutionProperties) = preSolution
		HideSolutionNode = FALSE
	EndGlobalSection
EndGlobal
